
Microsoft Visual Studio Solution File, Format Version 12.00
# Visual Studio 15
Project("{FAE04EC0-301F-11D3-BF4B-00C04F79EFBC}") = "Assembly-CSharp", "Assembly-CSharp.csproj", "{EE9981EF-0B32-9577-CC92-AAB6BB70FC18}"
EndProject
Project("{FAE04EC0-301F-11D3-BF4B-00C04F79EFBC}") = "Assembly-CSharp-Editor", "Assembly-CSharp-Editor.csproj", "{C2D46337-49A1-6083-348E-D80AB89CA622}"
EndProject
Global
	GlobalSection(SolutionConfigurationPlatforms) = preSolution
		Debug|Any CPU = Debug|Any CPU
		Release|Any CPU = Release|Any CPU
	EndGlobalSection
	GlobalSection(ProjectConfigurationPlatforms) = postSolution
		{EE9981EF-0B32-9577-CC92-AAB6BB70FC18}.Debug|Any CPU.ActiveCfg = Debug|Any CPU
		{EE9981EF-0B32-9577-CC92-AAB6BB70FC18}.Debug|Any CPU.Build.0 = Debug|Any CPU
		{EE9981EF-0B32-9577-CC92-AAB6BB70FC18}.Release|Any CPU.ActiveCfg = Release|Any CPU
		{EE9981EF-0B32-9577-CC92-AAB6BB70FC18}.Release|Any CPU.Build.0 = Release|Any CPU
		{C2D46337-49A1-6083-348E-D80AB89CA622}.Debug|Any CPU.ActiveCfg = Debug|Any CPU
		{C2D46337-49A1-6083-348E-D80AB89CA622}.Debug|Any CPU.Build.0 = Debug|Any CPU
		{C2D46337-49A1-6083-348E-D80AB89CA622}.Release|Any CPU.ActiveCfg = Release|Any CPU
		{C2D46337-49A1-6083-348E-D80AB89CA622}.Release|Any CPU.Build.0 = Release|Any CPU
	EndGlobalSection
	GlobalSection(SolutionProperties) = preSolution
		HideSolutionNode = FALSE
	EndGlobalSection
EndGlobal
